// !$*UTF8*$!
{
	archiveVersion = 1;
	classes = {
	};
	objectVersion = 46;
	objects = {

/* Begin PBXBuildFile section */
		311A2DDC1BA932540078422E /* InterfaceController.swift in Sources */ = {isa = PBXBuildFile; fileRef = 311A2DDB1BA932540078422E /* InterfaceController.swift */; };
		311A2DDE1BA932540078422E /* NotificationController.swift in Sources */ = {isa = PBXBuildFile; fileRef = 311A2DDD1BA932540078422E /* NotificationController.swift */; };
		311A2DE01BA932540078422E /* GlanceController.swift in Sources */ = {isa = PBXBuildFile; fileRef = 311A2DDF1BA932540078422E /* GlanceController.swift */; };
		311A2DE21BA932540078422E /* Assets.xcassets in Resources */ = {isa = PBXBuildFile; fileRef = 311A2DE11BA932540078422E /* Assets.xcassets */; };
		311A2DE71BA932540078422E /* Prioritize WatchKit 1 App.app in Resources */ = {isa = PBXBuildFile; fileRef = 311A2DE61BA932540078422E /* Prioritize WatchKit 1 App.app */; };
		311A2DEF1BA932540078422E /* Assets.xcassets in Resources */ = {isa = PBXBuildFile; fileRef = 311A2DEE1BA932540078422E /* Assets.xcassets */; };
		311A2DF31BA932540078422E /* Prioritize WatchKit 1 Extension.appex in Embed App Extensions */ = {isa = PBXBuildFile; fileRef = 311A2DD71BA932540078422E /* Prioritize WatchKit 1 Extension.appex */; settings = {ATTRIBUTES = (RemoveHeadersOnCopy, ); }; };
		311A2DFE1BA9333D0078422E /* ItemsViewModel.swift in Sources */ = {isa = PBXBuildFile; fileRef = 311A2DFD1BA9333D0078422E /* ItemsViewModel.swift */; };
		311A2DFF1BA9333D0078422E /* ItemsViewModel.swift in Sources */ = {isa = PBXBuildFile; fileRef = 311A2DFD1BA9333D0078422E /* ItemsViewModel.swift */; };
		311A2E011BA933900078422E /* ItemRowController.swift in Sources */ = {isa = PBXBuildFile; fileRef = 311A2E001BA933900078422E /* ItemRowController.swift */; };
		311A2E031BA933A70078422E /* Interface.storyboard in Resources */ = {isa = PBXBuildFile; fileRef = 311A2E021BA933A70078422E /* Interface.storyboard */; };
		31398B981B54EE40009A0C24 /* Parse.framework in Frameworks */ = {isa = PBXBuildFile; fileRef = 31398B971B54EE40009A0C24 /* Parse.framework */; };
		313EEE491B562EC7007A3017 /* SettingsTableViewController.swift in Sources */ = {isa = PBXBuildFile; fileRef = 313EEE481B562EC7007A3017 /* SettingsTableViewController.swift */; };
		313EEE4B1B567560007A3017 /* EditEventTableViewController.swift in Sources */ = {isa = PBXBuildFile; fileRef = 313EEE4A1B567560007A3017 /* EditEventTableViewController.swift */; };
		313EEE4D1B567AC3007A3017 /* AddItemTableViewController.swift in Sources */ = {isa = PBXBuildFile; fileRef = 313EEE4C1B567AC3007A3017 /* AddItemTableViewController.swift */; };
		31436AE71B9FE75B0070EC06 /* Loading.swift in Sources */ = {isa = PBXBuildFile; fileRef = 31436AE61B9FE75B0070EC06 /* Loading.swift */; };
		3169A8451ADE410000CBB35B /* LocalStore.swift in Sources */ = {isa = PBXBuildFile; fileRef = 3169A8441ADE410000CBB35B /* LocalStore.swift */; };
		3169A84A1ADE449300CBB35B /* DragDropBehavior.swift in Sources */ = {isa = PBXBuildFile; fileRef = 3169A8491ADE449300CBB35B /* DragDropBehavior.swift */; };
		317E69D51AB7FB3500C40FA9 /* MenuControl.swift in Sources */ = {isa = PBXBuildFile; fileRef = 317E69D41AB7FB3500C40FA9 /* MenuControl.swift */; };
		31812A861ADAE99300D79540 /* AsyncButton.swift in Sources */ = {isa = PBXBuildFile; fileRef = 31812A681ADAE99300D79540 /* AsyncButton.swift */; };
		31812A871ADAE99300D79540 /* AsyncImageView.swift in Sources */ = {isa = PBXBuildFile; fileRef = 31812A691ADAE99300D79540 /* AsyncImageView.swift */; };
		31812A881ADAE99300D79540 /* AutoTextView.swift in Sources */ = {isa = PBXBuildFile; fileRef = 31812A6A1ADAE99300D79540 /* AutoTextView.swift */; };
		31812A891ADAE99300D79540 /* BlurView.swift in Sources */ = {isa = PBXBuildFile; fileRef = 31812A6B1ADAE99300D79540 /* BlurView.swift */; };
		31812A8A1ADAE99300D79540 /* DesignableButton.swift in Sources */ = {isa = PBXBuildFile; fileRef = 31812A6C1ADAE99300D79540 /* DesignableButton.swift */; };
		31812A8B1ADAE99300D79540 /* DesignableImageView.swift in Sources */ = {isa = PBXBuildFile; fileRef = 31812A6D1ADAE99300D79540 /* DesignableImageView.swift */; };
		31812A8C1ADAE99300D79540 /* DesignableLabel.swift in Sources */ = {isa = PBXBuildFile; fileRef = 31812A6E1ADAE99300D79540 /* DesignableLabel.swift */; };
		31812A8E1ADAE99300D79540 /* DesignableTextField.swift in Sources */ = {isa = PBXBuildFile; fileRef = 31812A701ADAE99300D79540 /* DesignableTextField.swift */; };
		31812A8F1ADAE99300D79540 /* DesignableTextView.swift in Sources */ = {isa = PBXBuildFile; fileRef = 31812A711ADAE99300D79540 /* DesignableTextView.swift */; };
		31812A901ADAE99300D79540 /* DesignableView.swift in Sources */ = {isa = PBXBuildFile; fileRef = 31812A721ADAE99300D79540 /* DesignableView.swift */; };
		31812A911ADAE99300D79540 /* ImageLoader.swift in Sources */ = {isa = PBXBuildFile; fileRef = 31812A731ADAE99300D79540 /* ImageLoader.swift */; };
		31812A921ADAE99300D79540 /* Info.plist in Resources */ = {isa = PBXBuildFile; fileRef = 31812A741ADAE99300D79540 /* Info.plist */; };
		31812A931ADAE99300D79540 /* KeyboardLayoutConstraint.swift in Sources */ = {isa = PBXBuildFile; fileRef = 31812A751ADAE99300D79540 /* KeyboardLayoutConstraint.swift */; };
		31812A941ADAE99300D79540 /* LoadingView.swift in Sources */ = {isa = PBXBuildFile; fileRef = 31812A761ADAE99300D79540 /* LoadingView.swift */; };
		31812A951ADAE99300D79540 /* LoadingView.xib in Resources */ = {isa = PBXBuildFile; fileRef = 31812A771ADAE99300D79540 /* LoadingView.xib */; };
		31812A961ADAE99300D79540 /* Misc.swift in Sources */ = {isa = PBXBuildFile; fileRef = 31812A781ADAE99300D79540 /* Misc.swift */; };
		31812A971ADAE99300D79540 /* SoundPlayer.swift in Sources */ = {isa = PBXBuildFile; fileRef = 31812A791ADAE99300D79540 /* SoundPlayer.swift */; };
		31812A981ADAE99300D79540 /* Spring.swift in Sources */ = {isa = PBXBuildFile; fileRef = 31812A7B1ADAE99300D79540 /* Spring.swift */; };
		31812A991ADAE99300D79540 /* SpringAnimation.swift in Sources */ = {isa = PBXBuildFile; fileRef = 31812A7C1ADAE99300D79540 /* SpringAnimation.swift */; };
		31812A9A1ADAE99300D79540 /* SpringButton.swift in Sources */ = {isa = PBXBuildFile; fileRef = 31812A7D1ADAE99300D79540 /* SpringButton.swift */; };
		31812A9B1ADAE99300D79540 /* SpringImageView.swift in Sources */ = {isa = PBXBuildFile; fileRef = 31812A7E1ADAE99300D79540 /* SpringImageView.swift */; };
		31812A9C1ADAE99300D79540 /* SpringLabel.swift in Sources */ = {isa = PBXBuildFile; fileRef = 31812A7F1ADAE99300D79540 /* SpringLabel.swift */; };
		31812A9D1ADAE99300D79540 /* SpringTextField.swift in Sources */ = {isa = PBXBuildFile; fileRef = 31812A801ADAE99300D79540 /* SpringTextField.swift */; };
		31812A9E1ADAE99300D79540 /* SpringTextView.swift in Sources */ = {isa = PBXBuildFile; fileRef = 31812A811ADAE99300D79540 /* SpringTextView.swift */; };
		31812A9F1ADAE99300D79540 /* SpringView.swift in Sources */ = {isa = PBXBuildFile; fileRef = 31812A821ADAE99300D79540 /* SpringView.swift */; };
		31812AA01ADAE99300D79540 /* TransitionManager.swift in Sources */ = {isa = PBXBuildFile; fileRef = 31812A831ADAE99300D79540 /* TransitionManager.swift */; };
		31812AA11ADAE99300D79540 /* TransitionZoom.swift in Sources */ = {isa = PBXBuildFile; fileRef = 31812A841ADAE99300D79540 /* TransitionZoom.swift */; };
		31812AA21ADAE99300D79540 /* UnwindSegue.swift in Sources */ = {isa = PBXBuildFile; fileRef = 31812A851ADAE99300D79540 /* UnwindSegue.swift */; };
		319AF57D1B790CF400776094 /* Info.plist in Resources */ = {isa = PBXBuildFile; fileRef = 31B12BC41AA29F8A00C6B2C9 /* Info.plist */; };
		31A5D4CE1ABBD85D008FDFC1 /* refresh.wav in Resources */ = {isa = PBXBuildFile; fileRef = 31A5D4CC1ABBD85D008FDFC1 /* refresh.wav */; };
		31A5D4CF1ABBD85D008FDFC1 /* upvote.wav in Resources */ = {isa = PBXBuildFile; fileRef = 31A5D4CD1ABBD85D008FDFC1 /* upvote.wav */; };
		31A5D4D11ABBD8B7008FDFC1 /* SoundPlayer+DesignerNewsApp.swift in Sources */ = {isa = PBXBuildFile; fileRef = 31A5D4D01ABBD8B7008FDFC1 /* SoundPlayer+DesignerNewsApp.swift */; };
		31B12BBA1AA29F7500C6B2C9 /* AboutUsWebViewController.swift in Sources */ = {isa = PBXBuildFile; fileRef = 31B12BB01AA29F7500C6B2C9 /* AboutUsWebViewController.swift */; };
		31B12BBD1AA29F7500C6B2C9 /* DetailViewController.swift in Sources */ = {isa = PBXBuildFile; fileRef = 31B12BB31AA29F7500C6B2C9 /* DetailViewController.swift */; };
		31B12BBF1AA29F7500C6B2C9 /* LoginViewController.swift in Sources */ = {isa = PBXBuildFile; fileRef = 31B12BB51AA29F7500C6B2C9 /* LoginViewController.swift */; };
		31B12BC11AA29F7500C6B2C9 /* NavigationViewController.swift in Sources */ = {isa = PBXBuildFile; fileRef = 31B12BB71AA29F7500C6B2C9 /* NavigationViewController.swift */; };
		31B12BC31AA29F7500C6B2C9 /* TableViewController.swift in Sources */ = {isa = PBXBuildFile; fileRef = 31B12BB91AA29F7500C6B2C9 /* TableViewController.swift */; };
		31B12BC81AA29FB000C6B2C9 /* LaunchScreen.xib in Resources */ = {isa = PBXBuildFile; fileRef = 31B12BC61AA29FB000C6B2C9 /* LaunchScreen.xib */; };
		31B12BC91AA29FB000C6B2C9 /* Main.storyboard in Resources */ = {isa = PBXBuildFile; fileRef = 31B12BC71AA29FB000C6B2C9 /* Main.storyboard */; };
		31B12C071AA2A1BE00C6B2C9 /* SystemConfiguration.framework in Frameworks */ = {isa = PBXBuildFile; fileRef = 31B12C061AA2A1BE00C6B2C9 /* SystemConfiguration.framework */; };
		31B12C091AA2A1C400C6B2C9 /* StoreKit.framework in Frameworks */ = {isa = PBXBuildFile; fileRef = 31B12C081AA2A1C400C6B2C9 /* StoreKit.framework */; };
		31B12C0B1AA2A1C900C6B2C9 /* Security.framework in Frameworks */ = {isa = PBXBuildFile; fileRef = 31B12C0A1AA2A1C900C6B2C9 /* Security.framework */; };
		31B12C0D1AA2A1CF00C6B2C9 /* QuartzCore.framework in Frameworks */ = {isa = PBXBuildFile; fileRef = 31B12C0C1AA2A1CF00C6B2C9 /* QuartzCore.framework */; };
		31B12C0F1AA2A1D500C6B2C9 /* MobileCoreServices.framework in Frameworks */ = {isa = PBXBuildFile; fileRef = 31B12C0E1AA2A1D500C6B2C9 /* MobileCoreServices.framework */; };
		31B12C131AA2A1E400C6B2C9 /* CoreLocation.framework in Frameworks */ = {isa = PBXBuildFile; fileRef = 31B12C121AA2A1E400C6B2C9 /* CoreLocation.framework */; };
		31B12C151AA2A1EB00C6B2C9 /* CoreGraphics.framework in Frameworks */ = {isa = PBXBuildFile; fileRef = 31B12C141AA2A1EB00C6B2C9 /* CoreGraphics.framework */; };
		31B12C171AA2A1F100C6B2C9 /* CFNetwork.framework in Frameworks */ = {isa = PBXBuildFile; fileRef = 31B12C161AA2A1F100C6B2C9 /* CFNetwork.framework */; };
		31B12C191AA2A1FC00C6B2C9 /* AudioToolbox.framework in Frameworks */ = {isa = PBXBuildFile; fileRef = 31B12C181AA2A1FC00C6B2C9 /* AudioToolbox.framework */; };
		31B12C1B1AA2B0DB00C6B2C9 /* AppDelegate.swift in Sources */ = {isa = PBXBuildFile; fileRef = 31B12BB21AA29F7500C6B2C9 /* AppDelegate.swift */; };
		31B12C1D1AA2B2DB00C6B2C9 /* Images.xcassets in Resources */ = {isa = PBXBuildFile; fileRef = 31B12C1C1AA2B2DB00C6B2C9 /* Images.xcassets */; };
		31C83C0C1B59774F00F9A740 /* CreateAccountTableViewController.swift in Sources */ = {isa = PBXBuildFile; fileRef = 31C83C0B1B59774F00F9A740 /* CreateAccountTableViewController.swift */; };
		31CC1CA61B28BA9400E238F2 /* MapKit.framework in Frameworks */ = {isa = PBXBuildFile; fileRef = 31CC1CA51B28BA9400E238F2 /* MapKit.framework */; };
		31DBC94B1AB28CEF00B1C693 /* TPKeyboardAvoidingCollectionView.m in Sources */ = {isa = PBXBuildFile; fileRef = 31DBC9441AB28CEF00B1C693 /* TPKeyboardAvoidingCollectionView.m */; };
		31DBC94C1AB28CEF00B1C693 /* TPKeyboardAvoidingScrollView.m in Sources */ = {isa = PBXBuildFile; fileRef = 31DBC9461AB28CEF00B1C693 /* TPKeyboardAvoidingScrollView.m */; };
		31DBC94D1AB28CEF00B1C693 /* TPKeyboardAvoidingTableView.m in Sources */ = {isa = PBXBuildFile; fileRef = 31DBC9481AB28CEF00B1C693 /* TPKeyboardAvoidingTableView.m */; };
		31DBC94E1AB28CEF00B1C693 /* UIScrollView+TPKeyboardAvoidingAdditions.m in Sources */ = {isa = PBXBuildFile; fileRef = 31DBC94A1AB28CEF00B1C693 /* UIScrollView+TPKeyboardAvoidingAdditions.m */; };
/* End PBXBuildFile section */

/* Begin PBXContainerItemProxy section */
		311A2DE81BA932540078422E /* PBXContainerItemProxy */ = {
			isa = PBXContainerItemProxy;
			containerPortal = 31B12B7F1AA29E4E00C6B2C9 /* Project object */;
			proxyType = 1;
			remoteGlobalIDString = 311A2DE51BA932540078422E;
			remoteInfo = "Prioritize WatchKit 1 App";
		};
		311A2DF11BA932540078422E /* PBXContainerItemProxy */ = {
			isa = PBXContainerItemProxy;
			containerPortal = 31B12B7F1AA29E4E00C6B2C9 /* Project object */;
			proxyType = 1;
			remoteGlobalIDString = 311A2DD61BA932540078422E;
			remoteInfo = "Prioritize WatchKit 1 Extension";
		};
/* End PBXContainerItemProxy section */

/* Begin PBXCopyFilesBuildPhase section */
		31048AC91B294484005A1D75 /* Embed Watch Content */ = {
			isa = PBXCopyFilesBuildPhase;
			buildActionMask = 2147483647;
			dstPath = "$(CONTENTS_FOLDER_PATH)/Watch";
			dstSubfolderSpec = 16;
			files = (
			);
			name = "Embed Watch Content";
			runOnlyForDeploymentPostprocessing = 0;
		};
		311A2DFA1BA932540078422E /* Embed App Extensions */ = {
			isa = PBXCopyFilesBuildPhase;
			buildActionMask = 2147483647;
			dstPath = "";
			dstSubfolderSpec = 13;
			files = (
				311A2DF31BA932540078422E /* Prioritize WatchKit 1 Extension.appex in Embed App Extensions */,
			);
			name = "Embed App Extensions";
			runOnlyForDeploymentPostprocessing = 0;
		};
/* End PBXCopyFilesBuildPhase section */

/* Begin PBXFileReference section */
		311A2DD21BA932390078422E /* Prioritize.entitlements */ = {isa = PBXFileReference; lastKnownFileType = text.xml; path = Prioritize.entitlements; sourceTree = "<group>"; };
		311A2DD71BA932540078422E /* Prioritize WatchKit 1 Extension.appex */ = {isa = PBXFileReference; explicitFileType = "wrapper.app-extension"; includeInIndex = 0; path = "Prioritize WatchKit 1 Extension.appex"; sourceTree = BUILT_PRODUCTS_DIR; };
		311A2DDA1BA932540078422E /* PushNotificationPayload.apns */ = {isa = PBXFileReference; lastKnownFileType = text; path = PushNotificationPayload.apns; sourceTree = "<group>"; };
		311A2DDB1BA932540078422E /* InterfaceController.swift */ = {isa = PBXFileReference; lastKnownFileType = sourcecode.swift; path = InterfaceController.swift; sourceTree = "<group>"; };
		311A2DDD1BA932540078422E /* NotificationController.swift */ = {isa = PBXFileReference; lastKnownFileType = sourcecode.swift; path = NotificationController.swift; sourceTree = "<group>"; };
		311A2DDF1BA932540078422E /* GlanceController.swift */ = {isa = PBXFileReference; lastKnownFileType = sourcecode.swift; path = GlanceController.swift; sourceTree = "<group>"; };
		311A2DE11BA932540078422E /* Assets.xcassets */ = {isa = PBXFileReference; lastKnownFileType = folder.assetcatalog; path = Assets.xcassets; sourceTree = "<group>"; };
		311A2DE31BA932540078422E /* Info.plist */ = {isa = PBXFileReference; lastKnownFileType = text.plist.xml; path = Info.plist; sourceTree = "<group>"; };
		311A2DE61BA932540078422E /* Prioritize WatchKit 1 App.app */ = {isa = PBXFileReference; explicitFileType = wrapper.application; includeInIndex = 0; path = "Prioritize WatchKit 1 App.app"; sourceTree = BUILT_PRODUCTS_DIR; };
		311A2DEE1BA932540078422E /* Assets.xcassets */ = {isa = PBXFileReference; lastKnownFileType = folder.assetcatalog; path = Assets.xcassets; sourceTree = "<group>"; };
		311A2DF01BA932540078422E /* Info.plist */ = {isa = PBXFileReference; lastKnownFileType = text.plist.xml; path = Info.plist; sourceTree = "<group>"; };
		311A2DFB1BA932620078422E /* Prioritize WatchKit 1 App.entitlements */ = {isa = PBXFileReference; lastKnownFileType = text.xml; path = "Prioritize WatchKit 1 App.entitlements"; sourceTree = "<group>"; };
		311A2DFC1BA9326D0078422E /* Prioritize WatchKit 1 Extension.entitlements */ = {isa = PBXFileReference; lastKnownFileType = text.xml; path = "Prioritize WatchKit 1 Extension.entitlements"; sourceTree = "<group>"; };
		311A2DFD1BA9333D0078422E /* ItemsViewModel.swift */ = {isa = PBXFileReference; fileEncoding = 4; lastKnownFileType = sourcecode.swift; path = ItemsViewModel.swift; sourceTree = "<group>"; };
		311A2E001BA933900078422E /* ItemRowController.swift */ = {isa = PBXFileReference; fileEncoding = 4; lastKnownFileType = sourcecode.swift; path = ItemRowController.swift; sourceTree = "<group>"; };
		311A2E021BA933A70078422E /* Interface.storyboard */ = {isa = PBXFileReference; fileEncoding = 4; lastKnownFileType = file.storyboard; path = Interface.storyboard; sourceTree = "<group>"; };
		31398B971B54EE40009A0C24 /* Parse.framework */ = {isa = PBXFileReference; lastKnownFileType = wrapper.framework; path = Parse.framework; sourceTree = "<group>"; };
		313EEE481B562EC7007A3017 /* SettingsTableViewController.swift */ = {isa = PBXFileReference; fileEncoding = 4; lastKnownFileType = sourcecode.swift; path = SettingsTableViewController.swift; sourceTree = "<group>"; };
		313EEE4A1B567560007A3017 /* EditEventTableViewController.swift */ = {isa = PBXFileReference; fileEncoding = 4; lastKnownFileType = sourcecode.swift; path = EditEventTableViewController.swift; sourceTree = "<group>"; };
		313EEE4C1B567AC3007A3017 /* AddItemTableViewController.swift */ = {isa = PBXFileReference; fileEncoding = 4; lastKnownFileType = sourcecode.swift; path = AddItemTableViewController.swift; sourceTree = "<group>"; };
		31436AE61B9FE75B0070EC06 /* Loading.swift */ = {isa = PBXFileReference; fileEncoding = 4; lastKnownFileType = sourcecode.swift; path = Loading.swift; sourceTree = "<group>"; };
		3169A8441ADE410000CBB35B /* LocalStore.swift */ = {isa = PBXFileReference; fileEncoding = 4; lastKnownFileType = sourcecode.swift; path = LocalStore.swift; sourceTree = "<group>"; };
		3169A8491ADE449300CBB35B /* DragDropBehavior.swift */ = {isa = PBXFileReference; fileEncoding = 4; lastKnownFileType = sourcecode.swift; path = DragDropBehavior.swift; sourceTree = "<group>"; };
		317E69D41AB7FB3500C40FA9 /* MenuControl.swift */ = {isa = PBXFileReference; fileEncoding = 4; lastKnownFileType = sourcecode.swift; path = MenuControl.swift; sourceTree = "<group>"; };
		31812A681ADAE99300D79540 /* AsyncButton.swift */ = {isa = PBXFileReference; fileEncoding = 4; lastKnownFileType = sourcecode.swift; path = AsyncButton.swift; sourceTree = "<group>"; };
		31812A691ADAE99300D79540 /* AsyncImageView.swift */ = {isa = PBXFileReference; fileEncoding = 4; lastKnownFileType = sourcecode.swift; path = AsyncImageView.swift; sourceTree = "<group>"; };
		31812A6A1ADAE99300D79540 /* AutoTextView.swift */ = {isa = PBXFileReference; fileEncoding = 4; lastKnownFileType = sourcecode.swift; path = AutoTextView.swift; sourceTree = "<group>"; };
		31812A6B1ADAE99300D79540 /* BlurView.swift */ = {isa = PBXFileReference; fileEncoding = 4; lastKnownFileType = sourcecode.swift; path = BlurView.swift; sourceTree = "<group>"; };
		31812A6C1ADAE99300D79540 /* DesignableButton.swift */ = {isa = PBXFileReference; fileEncoding = 4; lastKnownFileType = sourcecode.swift; path = DesignableButton.swift; sourceTree = "<group>"; };
		31812A6D1ADAE99300D79540 /* DesignableImageView.swift */ = {isa = PBXFileReference; fileEncoding = 4; lastKnownFileType = sourcecode.swift; path = DesignableImageView.swift; sourceTree = "<group>"; };
		31812A6E1ADAE99300D79540 /* DesignableLabel.swift */ = {isa = PBXFileReference; fileEncoding = 4; lastKnownFileType = sourcecode.swift; path = DesignableLabel.swift; sourceTree = "<group>"; };
		31812A701ADAE99300D79540 /* DesignableTextField.swift */ = {isa = PBXFileReference; fileEncoding = 4; lastKnownFileType = sourcecode.swift; path = DesignableTextField.swift; sourceTree = "<group>"; };
		31812A711ADAE99300D79540 /* DesignableTextView.swift */ = {isa = PBXFileReference; fileEncoding = 4; lastKnownFileType = sourcecode.swift; path = DesignableTextView.swift; sourceTree = "<group>"; };
		31812A721ADAE99300D79540 /* DesignableView.swift */ = {isa = PBXFileReference; fileEncoding = 4; lastKnownFileType = sourcecode.swift; path = DesignableView.swift; sourceTree = "<group>"; };
		31812A731ADAE99300D79540 /* ImageLoader.swift */ = {isa = PBXFileReference; fileEncoding = 4; lastKnownFileType = sourcecode.swift; path = ImageLoader.swift; sourceTree = "<group>"; };
		31812A741ADAE99300D79540 /* Info.plist */ = {isa = PBXFileReference; fileEncoding = 4; lastKnownFileType = text.plist.xml; path = Info.plist; sourceTree = "<group>"; };
		31812A751ADAE99300D79540 /* KeyboardLayoutConstraint.swift */ = {isa = PBXFileReference; fileEncoding = 4; lastKnownFileType = sourcecode.swift; path = KeyboardLayoutConstraint.swift; sourceTree = "<group>"; };
		31812A761ADAE99300D79540 /* LoadingView.swift */ = {isa = PBXFileReference; fileEncoding = 4; lastKnownFileType = sourcecode.swift; path = LoadingView.swift; sourceTree = "<group>"; };
		31812A771ADAE99300D79540 /* LoadingView.xib */ = {isa = PBXFileReference; fileEncoding = 4; lastKnownFileType = file.xib; path = LoadingView.xib; sourceTree = "<group>"; };
		31812A781ADAE99300D79540 /* Misc.swift */ = {isa = PBXFileReference; fileEncoding = 4; lastKnownFileType = sourcecode.swift; path = Misc.swift; sourceTree = "<group>"; };
		31812A791ADAE99300D79540 /* SoundPlayer.swift */ = {isa = PBXFileReference; fileEncoding = 4; lastKnownFileType = sourcecode.swift; path = SoundPlayer.swift; sourceTree = "<group>"; };
		31812A7A1ADAE99300D79540 /* Spring.h */ = {isa = PBXFileReference; fileEncoding = 4; lastKnownFileType = sourcecode.c.h; path = Spring.h; sourceTree = "<group>"; };
		31812A7B1ADAE99300D79540 /* Spring.swift */ = {isa = PBXFileReference; fileEncoding = 4; lastKnownFileType = sourcecode.swift; path = Spring.swift; sourceTree = "<group>"; };
		31812A7C1ADAE99300D79540 /* SpringAnimation.swift */ = {isa = PBXFileReference; fileEncoding = 4; lastKnownFileType = sourcecode.swift; path = SpringAnimation.swift; sourceTree = "<group>"; };
		31812A7D1ADAE99300D79540 /* SpringButton.swift */ = {isa = PBXFileReference; fileEncoding = 4; lastKnownFileType = sourcecode.swift; path = SpringButton.swift; sourceTree = "<group>"; };
		31812A7E1ADAE99300D79540 /* SpringImageView.swift */ = {isa = PBXFileReference; fileEncoding = 4; lastKnownFileType = sourcecode.swift; path = SpringImageView.swift; sourceTree = "<group>"; };
		31812A7F1ADAE99300D79540 /* SpringLabel.swift */ = {isa = PBXFileReference; fileEncoding = 4; lastKnownFileType = sourcecode.swift; path = SpringLabel.swift; sourceTree = "<group>"; };
		31812A801ADAE99300D79540 /* SpringTextField.swift */ = {isa = PBXFileReference; fileEncoding = 4; lastKnownFileType = sourcecode.swift; path = SpringTextField.swift; sourceTree = "<group>"; };
		31812A811ADAE99300D79540 /* SpringTextView.swift */ = {isa = PBXFileReference; fileEncoding = 4; lastKnownFileType = sourcecode.swift; path = SpringTextView.swift; sourceTree = "<group>"; };
		31812A821ADAE99300D79540 /* SpringView.swift */ = {isa = PBXFileReference; fileEncoding = 4; lastKnownFileType = sourcecode.swift; path = SpringView.swift; sourceTree = "<group>"; };
		31812A831ADAE99300D79540 /* TransitionManager.swift */ = {isa = PBXFileReference; fileEncoding = 4; lastKnownFileType = sourcecode.swift; path = TransitionManager.swift; sourceTree = "<group>"; };
		31812A841ADAE99300D79540 /* TransitionZoom.swift */ = {isa = PBXFileReference; fileEncoding = 4; lastKnownFileType = sourcecode.swift; path = TransitionZoom.swift; sourceTree = "<group>"; };
		31812A851ADAE99300D79540 /* UnwindSegue.swift */ = {isa = PBXFileReference; fileEncoding = 4; lastKnownFileType = sourcecode.swift; path = UnwindSegue.swift; sourceTree = "<group>"; };
		31A5D4CC1ABBD85D008FDFC1 /* refresh.wav */ = {isa = PBXFileReference; lastKnownFileType = audio.wav; path = refresh.wav; sourceTree = "<group>"; };
		31A5D4CD1ABBD85D008FDFC1 /* upvote.wav */ = {isa = PBXFileReference; lastKnownFileType = audio.wav; path = upvote.wav; sourceTree = "<group>"; };
		31A5D4D01ABBD8B7008FDFC1 /* SoundPlayer+DesignerNewsApp.swift */ = {isa = PBXFileReference; fileEncoding = 4; lastKnownFileType = sourcecode.swift; path = "SoundPlayer+DesignerNewsApp.swift"; sourceTree = "<group>"; };
		31B12B871AA29E4E00C6B2C9 /* Prioritize.app */ = {isa = PBXFileReference; explicitFileType = wrapper.application; includeInIndex = 0; path = Prioritize.app; sourceTree = BUILT_PRODUCTS_DIR; };
		31B12BA11AA29E4E00C6B2C9 /* Info.plist */ = {isa = PBXFileReference; lastKnownFileType = text.plist.xml; path = Info.plist; sourceTree = "<group>"; };
		31B12BA21AA29E4E00C6B2C9 /* PrioritizeAppTests.swift */ = {isa = PBXFileReference; lastKnownFileType = sourcecode.swift; path = PrioritizeAppTests.swift; sourceTree = "<group>"; };
		31B12BAD1AA29E8F00C6B2C9 /* PrioritizeApp-Bridging-Header.h */ = {isa = PBXFileReference; lastKnownFileType = sourcecode.c.h; path = "PrioritizeApp-Bridging-Header.h"; sourceTree = "<group>"; };
		31B12BB01AA29F7500C6B2C9 /* AboutUsWebViewController.swift */ = {isa = PBXFileReference; fileEncoding = 4; lastKnownFileType = sourcecode.swift; path = AboutUsWebViewController.swift; sourceTree = "<group>"; };
		31B12BB21AA29F7500C6B2C9 /* AppDelegate.swift */ = {isa = PBXFileReference; fileEncoding = 4; lastKnownFileType = sourcecode.swift; path = AppDelegate.swift; sourceTree = "<group>"; };
		31B12BB31AA29F7500C6B2C9 /* DetailViewController.swift */ = {isa = PBXFileReference; fileEncoding = 4; lastKnownFileType = sourcecode.swift; path = DetailViewController.swift; sourceTree = "<group>"; };
		31B12BB51AA29F7500C6B2C9 /* LoginViewController.swift */ = {isa = PBXFileReference; fileEncoding = 4; lastKnownFileType = sourcecode.swift; path = LoginViewController.swift; sourceTree = "<group>"; };
		31B12BB71AA29F7500C6B2C9 /* NavigationViewController.swift */ = {isa = PBXFileReference; fileEncoding = 4; lastKnownFileType = sourcecode.swift; path = NavigationViewController.swift; sourceTree = "<group>"; };
		31B12BB91AA29F7500C6B2C9 /* TableViewController.swift */ = {isa = PBXFileReference; fileEncoding = 4; lastKnownFileType = sourcecode.swift; path = TableViewController.swift; sourceTree = "<group>"; };
		31B12BC41AA29F8A00C6B2C9 /* Info.plist */ = {isa = PBXFileReference; fileEncoding = 4; lastKnownFileType = text.plist.xml; path = Info.plist; sourceTree = "<group>"; };
		31B12BC61AA29FB000C6B2C9 /* LaunchScreen.xib */ = {isa = PBXFileReference; fileEncoding = 4; lastKnownFileType = file.xib; path = LaunchScreen.xib; sourceTree = "<group>"; };
		31B12BC71AA29FB000C6B2C9 /* Main.storyboard */ = {isa = PBXFileReference; fileEncoding = 4; lastKnownFileType = file.storyboard; path = Main.storyboard; sourceTree = "<group>"; };
		31B12C061AA2A1BE00C6B2C9 /* SystemConfiguration.framework */ = {isa = PBXFileReference; lastKnownFileType = wrapper.framework; name = SystemConfiguration.framework; path = System/Library/Frameworks/SystemConfiguration.framework; sourceTree = SDKROOT; };
		31B12C081AA2A1C400C6B2C9 /* StoreKit.framework */ = {isa = PBXFileReference; lastKnownFileType = wrapper.framework; name = StoreKit.framework; path = System/Library/Frameworks/StoreKit.framework; sourceTree = SDKROOT; };
		31B12C0A1AA2A1C900C6B2C9 /* Security.framework */ = {isa = PBXFileReference; lastKnownFileType = wrapper.framework; name = Security.framework; path = System/Library/Frameworks/Security.framework; sourceTree = SDKROOT; };
		31B12C0C1AA2A1CF00C6B2C9 /* QuartzCore.framework */ = {isa = PBXFileReference; lastKnownFileType = wrapper.framework; name = QuartzCore.framework; path = System/Library/Frameworks/QuartzCore.framework; sourceTree = SDKROOT; };
		31B12C0E1AA2A1D500C6B2C9 /* MobileCoreServices.framework */ = {isa = PBXFileReference; lastKnownFileType = wrapper.framework; name = MobileCoreServices.framework; path = System/Library/Frameworks/MobileCoreServices.framework; sourceTree = SDKROOT; };
		31B12C121AA2A1E400C6B2C9 /* CoreLocation.framework */ = {isa = PBXFileReference; lastKnownFileType = wrapper.framework; name = CoreLocation.framework; path = System/Library/Frameworks/CoreLocation.framework; sourceTree = SDKROOT; };
		31B12C141AA2A1EB00C6B2C9 /* CoreGraphics.framework */ = {isa = PBXFileReference; lastKnownFileType = wrapper.framework; name = CoreGraphics.framework; path = System/Library/Frameworks/CoreGraphics.framework; sourceTree = SDKROOT; };
		31B12C161AA2A1F100C6B2C9 /* CFNetwork.framework */ = {isa = PBXFileReference; lastKnownFileType = wrapper.framework; name = CFNetwork.framework; path = System/Library/Frameworks/CFNetwork.framework; sourceTree = SDKROOT; };
		31B12C181AA2A1FC00C6B2C9 /* AudioToolbox.framework */ = {isa = PBXFileReference; lastKnownFileType = wrapper.framework; name = AudioToolbox.framework; path = System/Library/Frameworks/AudioToolbox.framework; sourceTree = SDKROOT; };
		31B12C1C1AA2B2DB00C6B2C9 /* Images.xcassets */ = {isa = PBXFileReference; lastKnownFileType = folder.assetcatalog; path = Images.xcassets; sourceTree = "<group>"; };
		31C83C0B1B59774F00F9A740 /* CreateAccountTableViewController.swift */ = {isa = PBXFileReference; fileEncoding = 4; lastKnownFileType = sourcecode.swift; path = CreateAccountTableViewController.swift; sourceTree = "<group>"; };
		31CC1CA51B28BA9400E238F2 /* MapKit.framework */ = {isa = PBXFileReference; lastKnownFileType = wrapper.framework; name = MapKit.framework; path = System/Library/Frameworks/MapKit.framework; sourceTree = SDKROOT; };
		31DBC9431AB28CEF00B1C693 /* TPKeyboardAvoidingCollectionView.h */ = {isa = PBXFileReference; fileEncoding = 4; lastKnownFileType = sourcecode.c.h; path = TPKeyboardAvoidingCollectionView.h; sourceTree = "<group>"; };
		31DBC9441AB28CEF00B1C693 /* TPKeyboardAvoidingCollectionView.m */ = {isa = PBXFileReference; fileEncoding = 4; lastKnownFileType = sourcecode.c.objc; path = TPKeyboardAvoidingCollectionView.m; sourceTree = "<group>"; };
		31DBC9451AB28CEF00B1C693 /* TPKeyboardAvoidingScrollView.h */ = {isa = PBXFileReference; fileEncoding = 4; lastKnownFileType = sourcecode.c.h; path = TPKeyboardAvoidingScrollView.h; sourceTree = "<group>"; };
		31DBC9461AB28CEF00B1C693 /* TPKeyboardAvoidingScrollView.m */ = {isa = PBXFileReference; fileEncoding = 4; lastKnownFileType = sourcecode.c.objc; path = TPKeyboardAvoidingScrollView.m; sourceTree = "<group>"; };
		31DBC9471AB28CEF00B1C693 /* TPKeyboardAvoidingTableView.h */ = {isa = PBXFileReference; fileEncoding = 4; lastKnownFileType = sourcecode.c.h; path = TPKeyboardAvoidingTableView.h; sourceTree = "<group>"; };
		31DBC9481AB28CEF00B1C693 /* TPKeyboardAvoidingTableView.m */ = {isa = PBXFileReference; fileEncoding = 4; lastKnownFileType = sourcecode.c.objc; path = TPKeyboardAvoidingTableView.m; sourceTree = "<group>"; };
		31DBC9491AB28CEF00B1C693 /* UIScrollView+TPKeyboardAvoidingAdditions.h */ = {isa = PBXFileReference; fileEncoding = 4; lastKnownFileType = sourcecode.c.h; path = "UIScrollView+TPKeyboardAvoidingAdditions.h"; sourceTree = "<group>"; };
		31DBC94A1AB28CEF00B1C693 /* UIScrollView+TPKeyboardAvoidingAdditions.m */ = {isa = PBXFileReference; fileEncoding = 4; lastKnownFileType = sourcecode.c.objc; path = "UIScrollView+TPKeyboardAvoidingAdditions.m"; sourceTree = "<group>"; };
/* End PBXFileReference section */

/* Begin PBXFrameworksBuildPhase section */
		311A2DD41BA932540078422E /* Frameworks */ = {
			isa = PBXFrameworksBuildPhase;
			buildActionMask = 2147483647;
			files = (
			);
			runOnlyForDeploymentPostprocessing = 0;
		};
		31B12B841AA29E4E00C6B2C9 /* Frameworks */ = {
			isa = PBXFrameworksBuildPhase;
			buildActionMask = 2147483647;
			files = (
				31B12C191AA2A1FC00C6B2C9 /* AudioToolbox.framework in Frameworks */,
				31B12C171AA2A1F100C6B2C9 /* CFNetwork.framework in Frameworks */,
				31B12C151AA2A1EB00C6B2C9 /* CoreGraphics.framework in Frameworks */,
				31B12C131AA2A1E400C6B2C9 /* CoreLocation.framework in Frameworks */,
				31B12C0F1AA2A1D500C6B2C9 /* MobileCoreServices.framework in Frameworks */,
				31398B981B54EE40009A0C24 /* Parse.framework in Frameworks */,
				31B12C0D1AA2A1CF00C6B2C9 /* QuartzCore.framework in Frameworks */,
				31B12C0B1AA2A1C900C6B2C9 /* Security.framework in Frameworks */,
				31B12C091AA2A1C400C6B2C9 /* StoreKit.framework in Frameworks */,
				31B12C071AA2A1BE00C6B2C9 /* SystemConfiguration.framework in Frameworks */,
				31CC1CA61B28BA9400E238F2 /* MapKit.framework in Frameworks */,
			);
			runOnlyForDeploymentPostprocessing = 0;
		};
/* End PBXFrameworksBuildPhase section */

/* Begin PBXGroup section */
		311A2DD81BA932540078422E /* Prioritize WatchKit 1 Extension */ = {
			isa = PBXGroup;
			children = (
				311A2DFC1BA9326D0078422E /* Prioritize WatchKit 1 Extension.entitlements */,
				311A2DDB1BA932540078422E /* InterfaceController.swift */,
				311A2E001BA933900078422E /* ItemRowController.swift */,
				311A2DDD1BA932540078422E /* NotificationController.swift */,
				311A2DDF1BA932540078422E /* GlanceController.swift */,
				311A2DE11BA932540078422E /* Assets.xcassets */,
				311A2DD91BA932540078422E /* Supporting Files */,
			);
			path = "Prioritize WatchKit 1 Extension";
			sourceTree = "<group>";
		};
		311A2DD91BA932540078422E /* Supporting Files */ = {
			isa = PBXGroup;
			children = (
				311A2DE31BA932540078422E /* Info.plist */,
				311A2DDA1BA932540078422E /* PushNotificationPayload.apns */,
			);
			name = "Supporting Files";
			sourceTree = "<group>";
		};
		311A2DEA1BA932540078422E /* Prioritize WatchKit 1 App */ = {
			isa = PBXGroup;
			children = (
				311A2DFB1BA932620078422E /* Prioritize WatchKit 1 App.entitlements */,
				311A2E021BA933A70078422E /* Interface.storyboard */,
				311A2DEE1BA932540078422E /* Assets.xcassets */,
				311A2DF01BA932540078422E /* Info.plist */,
			);
			path = "Prioritize WatchKit 1 App";
			sourceTree = "<group>";
		};
		3169A8461ADE42EC00CBB35B /* Extra Files */ = {
			isa = PBXGroup;
			children = (
				3169A8441ADE410000CBB35B /* LocalStore.swift */,
				311A2DFD1BA9333D0078422E /* ItemsViewModel.swift */,
			);
			name = "Extra Files";
			sourceTree = "<group>";
		};
		3169A84B1ADE449600CBB35B /* Behaviors */ = {
			isa = PBXGroup;
			children = (
				3169A8491ADE449300CBB35B /* DragDropBehavior.swift */,
			);
			name = Behaviors;
			sourceTree = "<group>";
		};
		317E69D81AB7FB4800C40FA9 /* Views */ = {
			isa = PBXGroup;
			children = (
				317E69D41AB7FB3500C40FA9 /* MenuControl.swift */,
				31436AE61B9FE75B0070EC06 /* Loading.swift */,
			);
			name = Views;
			sourceTree = "<group>";
		};
		31812A671ADAE99300D79540 /* Spring */ = {
			isa = PBXGroup;
			children = (
				31812A681ADAE99300D79540 /* AsyncButton.swift */,
				31812A691ADAE99300D79540 /* AsyncImageView.swift */,
				31812A6A1ADAE99300D79540 /* AutoTextView.swift */,
				31812A6B1ADAE99300D79540 /* BlurView.swift */,
				31812A6C1ADAE99300D79540 /* DesignableButton.swift */,
				31812A6D1ADAE99300D79540 /* DesignableImageView.swift */,
				31812A6E1ADAE99300D79540 /* DesignableLabel.swift */,
				31812A701ADAE99300D79540 /* DesignableTextField.swift */,
				31812A711ADAE99300D79540 /* DesignableTextView.swift */,
				31812A721ADAE99300D79540 /* DesignableView.swift */,
				31812A731ADAE99300D79540 /* ImageLoader.swift */,
				31812A741ADAE99300D79540 /* Info.plist */,
				31812A751ADAE99300D79540 /* KeyboardLayoutConstraint.swift */,
				31812A761ADAE99300D79540 /* LoadingView.swift */,
				31812A771ADAE99300D79540 /* LoadingView.xib */,
				31812A781ADAE99300D79540 /* Misc.swift */,
				31812A791ADAE99300D79540 /* SoundPlayer.swift */,
				31812A7A1ADAE99300D79540 /* Spring.h */,
				31812A7B1ADAE99300D79540 /* Spring.swift */,
				31812A7C1ADAE99300D79540 /* SpringAnimation.swift */,
				31812A7D1ADAE99300D79540 /* SpringButton.swift */,
				31812A7E1ADAE99300D79540 /* SpringImageView.swift */,
				31812A7F1ADAE99300D79540 /* SpringLabel.swift */,
				31812A801ADAE99300D79540 /* SpringTextField.swift */,
				31812A811ADAE99300D79540 /* SpringTextView.swift */,
				31812A821ADAE99300D79540 /* SpringView.swift */,
				31812A831ADAE99300D79540 /* TransitionManager.swift */,
				31812A841ADAE99300D79540 /* TransitionZoom.swift */,
				31812A851ADAE99300D79540 /* UnwindSegue.swift */,
			);
			name = Spring;
			path = ../Spring;
			sourceTree = "<group>";
		};
		31A5D4CB1ABBD85D008FDFC1 /* Sounds */ = {
			isa = PBXGroup;
			children = (
				31A5D4D01ABBD8B7008FDFC1 /* SoundPlayer+DesignerNewsApp.swift */,
				31A5D4CC1ABBD85D008FDFC1 /* refresh.wav */,
				31A5D4CD1ABBD85D008FDFC1 /* upvote.wav */,
			);
			path = Sounds;
			sourceTree = "<group>";
		};
		31B12B7E1AA29E4E00C6B2C9 = {
			isa = PBXGroup;
			children = (
				311A2DD21BA932390078422E /* Prioritize.entitlements */,
				31B12C1A1AA2B01800C6B2C9 /* Frameworks */,
				31DBC9411AB28CEF00B1C693 /* Libraries */,
				317E69D81AB7FB4800C40FA9 /* Views */,
				31A5D4CB1ABBD85D008FDFC1 /* Sounds */,
				3169A8461ADE42EC00CBB35B /* Extra Files */,
				3169A84B1ADE449600CBB35B /* Behaviors */,
				31B12B891AA29E4E00C6B2C9 /* PrioritizeApp */,
				31B12B9F1AA29E4E00C6B2C9 /* PrioritizeAppTests */,
				311A2DD81BA932540078422E /* Prioritize WatchKit 1 Extension */,
				311A2DEA1BA932540078422E /* Prioritize WatchKit 1 App */,
				31B12B881AA29E4E00C6B2C9 /* Products */,
			);
			sourceTree = "<group>";
		};
		31B12B881AA29E4E00C6B2C9 /* Products */ = {
			isa = PBXGroup;
			children = (
				31B12B871AA29E4E00C6B2C9 /* Prioritize.app */,
				311A2DD71BA932540078422E /* Prioritize WatchKit 1 Extension.appex */,
				311A2DE61BA932540078422E /* Prioritize WatchKit 1 App.app */,
			);
			name = Products;
			sourceTree = "<group>";
		};
		31B12B891AA29E4E00C6B2C9 /* PrioritizeApp */ = {
			isa = PBXGroup;
			children = (
				31B12BB21AA29F7500C6B2C9 /* AppDelegate.swift */,
				31B12BB71AA29F7500C6B2C9 /* NavigationViewController.swift */,
				31B12BB51AA29F7500C6B2C9 /* LoginViewController.swift */,
				31C83C0B1B59774F00F9A740 /* CreateAccountTableViewController.swift */,
				31B12BB91AA29F7500C6B2C9 /* TableViewController.swift */,
				31B12BB31AA29F7500C6B2C9 /* DetailViewController.swift */,
				313EEE4A1B567560007A3017 /* EditEventTableViewController.swift */,
				313EEE4C1B567AC3007A3017 /* AddItemTableViewController.swift */,
				31B12BB01AA29F7500C6B2C9 /* AboutUsWebViewController.swift */,
				313EEE481B562EC7007A3017 /* SettingsTableViewController.swift */,
				31B12C1C1AA2B2DB00C6B2C9 /* Images.xcassets */,
				31B12BC71AA29FB000C6B2C9 /* Main.storyboard */,
				31B12BC61AA29FB000C6B2C9 /* LaunchScreen.xib */,
				31B12B8A1AA29E4E00C6B2C9 /* Supporting Files */,
				31B12BAD1AA29E8F00C6B2C9 /* PrioritizeApp-Bridging-Header.h */,
			);
			path = PrioritizeApp;
			sourceTree = "<group>";
		};
		31B12B8A1AA29E4E00C6B2C9 /* Supporting Files */ = {
			isa = PBXGroup;
			children = (
				31B12BC41AA29F8A00C6B2C9 /* Info.plist */,
			);
			name = "Supporting Files";
			sourceTree = "<group>";
		};
		31B12B9F1AA29E4E00C6B2C9 /* PrioritizeAppTests */ = {
			isa = PBXGroup;
			children = (
				31B12BA21AA29E4E00C6B2C9 /* PrioritizeAppTests.swift */,
				31B12BA01AA29E4E00C6B2C9 /* Supporting Files */,
			);
			path = PrioritizeAppTests;
			sourceTree = "<group>";
		};
		31B12BA01AA29E4E00C6B2C9 /* Supporting Files */ = {
			isa = PBXGroup;
			children = (
				31B12BA11AA29E4E00C6B2C9 /* Info.plist */,
			);
			name = "Supporting Files";
			sourceTree = "<group>";
		};
		31B12C1A1AA2B01800C6B2C9 /* Frameworks */ = {
			isa = PBXGroup;
			children = (
				31CC1CA51B28BA9400E238F2 /* MapKit.framework */,
				31B12C181AA2A1FC00C6B2C9 /* AudioToolbox.framework */,
				31B12C161AA2A1F100C6B2C9 /* CFNetwork.framework */,
				31B12C141AA2A1EB00C6B2C9 /* CoreGraphics.framework */,
				31B12C121AA2A1E400C6B2C9 /* CoreLocation.framework */,
				31B12C0E1AA2A1D500C6B2C9 /* MobileCoreServices.framework */,
				31B12C0C1AA2A1CF00C6B2C9 /* QuartzCore.framework */,
				31B12C0A1AA2A1C900C6B2C9 /* Security.framework */,
				31B12C081AA2A1C400C6B2C9 /* StoreKit.framework */,
				31B12C061AA2A1BE00C6B2C9 /* SystemConfiguration.framework */,
				31398B971B54EE40009A0C24 /* Parse.framework */,
			);
			name = Frameworks;
			sourceTree = "<group>";
		};
		31DBC9411AB28CEF00B1C693 /* Libraries */ = {
			isa = PBXGroup;
			children = (
				31812A671ADAE99300D79540 /* Spring */,
				31DBC9421AB28CEF00B1C693 /* TPKeyboardAvoiding */,
			);
			path = Libraries;
			sourceTree = "<group>";
		};
		31DBC9421AB28CEF00B1C693 /* TPKeyboardAvoiding */ = {
			isa = PBXGroup;
			children = (
				31DBC9431AB28CEF00B1C693 /* TPKeyboardAvoidingCollectionView.h */,
				31DBC9441AB28CEF00B1C693 /* TPKeyboardAvoidingCollectionView.m */,
				31DBC9451AB28CEF00B1C693 /* TPKeyboardAvoidingScrollView.h */,
				31DBC9461AB28CEF00B1C693 /* TPKeyboardAvoidingScrollView.m */,
				31DBC9471AB28CEF00B1C693 /* TPKeyboardAvoidingTableView.h */,
				31DBC9481AB28CEF00B1C693 /* TPKeyboardAvoidingTableView.m */,
				31DBC9491AB28CEF00B1C693 /* UIScrollView+TPKeyboardAvoidingAdditions.h */,
				31DBC94A1AB28CEF00B1C693 /* UIScrollView+TPKeyboardAvoidingAdditions.m */,
			);
			path = TPKeyboardAvoiding;
			sourceTree = "<group>";
		};
/* End PBXGroup section */

/* Begin PBXNativeTarget section */
		311A2DD61BA932540078422E /* Prioritize WatchKit 1 Extension */ = {
			isa = PBXNativeTarget;
			buildConfigurationList = 311A2DF71BA932540078422E /* Build configuration list for PBXNativeTarget "Prioritize WatchKit 1 Extension" */;
			buildPhases = (
				311A2DD31BA932540078422E /* Sources */,
				311A2DD41BA932540078422E /* Frameworks */,
				311A2DD51BA932540078422E /* Resources */,
			);
			buildRules = (
			);
			dependencies = (
				311A2DE91BA932540078422E /* PBXTargetDependency */,
			);
			name = "Prioritize WatchKit 1 Extension";
			productName = "Prioritize WatchKit 1 Extension";
			productReference = 311A2DD71BA932540078422E /* Prioritize WatchKit 1 Extension.appex */;
			productType = "com.apple.product-type.watchkit-extension";
		};
		311A2DE51BA932540078422E /* Prioritize WatchKit 1 App */ = {
			isa = PBXNativeTarget;
			buildConfigurationList = 311A2DF41BA932540078422E /* Build configuration list for PBXNativeTarget "Prioritize WatchKit 1 App" */;
			buildPhases = (
				311A2DE41BA932540078422E /* Resources */,
			);
			buildRules = (
			);
			dependencies = (
			);
			name = "Prioritize WatchKit 1 App";
			productName = "Prioritize WatchKit 1 App";
			productReference = 311A2DE61BA932540078422E /* Prioritize WatchKit 1 App.app */;
			productType = "com.apple.product-type.application.watchapp";
		};
		31B12B861AA29E4E00C6B2C9 /* Prioritize */ = {
			isa = PBXNativeTarget;
			buildConfigurationList = 31B12BA61AA29E4E00C6B2C9 /* Build configuration list for PBXNativeTarget "Prioritize" */;
			buildPhases = (
				31B12B831AA29E4E00C6B2C9 /* Sources */,
				31B12B841AA29E4E00C6B2C9 /* Frameworks */,
				31B12B851AA29E4E00C6B2C9 /* Resources */,
				31048AC91B294484005A1D75 /* Embed Watch Content */,
				311A2DFA1BA932540078422E /* Embed App Extensions */,
			);
			buildRules = (
			);
			dependencies = (
				311A2DF21BA932540078422E /* PBXTargetDependency */,
			);
			name = Prioritize;
			productName = PrioritizeApp;
			productReference = 31B12B871AA29E4E00C6B2C9 /* Prioritize.app */;
			productType = "com.apple.product-type.application";
		};
/* End PBXNativeTarget section */

/* Begin PBXProject section */
		31B12B7F1AA29E4E00C6B2C9 /* Project object */ = {
			isa = PBXProject;
			attributes = {
				LastSwiftUpdateCheck = 0700;
				LastUpgradeCheck = 0700;
				ORGANIZATIONNAME = Prioritize;
				TargetAttributes = {
					311A2DD61BA932540078422E = {
						CreatedOnToolsVersion = 7.0;
						DevelopmentTeam = 32FG3U99MG;
						SystemCapabilities = {
							com.apple.ApplicationGroups.iOS = {
								enabled = 1;
							};
						};
					};
					311A2DE51BA932540078422E = {
						CreatedOnToolsVersion = 7.0;
						DevelopmentTeam = 32FG3U99MG;
						SystemCapabilities = {
							com.apple.ApplicationGroups.iOS = {
								enabled = 1;
							};
						};
					};
					31B12B861AA29E4E00C6B2C9 = {
						CreatedOnToolsVersion = 6.2;
						DevelopmentTeam = 32FG3U99MG;
						SystemCapabilities = {
							com.apple.ApplicationGroups.iOS = {
								enabled = 1;
							};
							com.apple.Maps.iOS = {
								enabled = 1;
							};
						};
					};
				};
			};
			buildConfigurationList = 31B12B821AA29E4E00C6B2C9 /* Build configuration list for PBXProject "Prioritize" */;
			compatibilityVersion = "Xcode 3.2";
			developmentRegion = English;
			hasScannedForEncodings = 0;
			knownRegions = (
				en,
				Base,
			);
			mainGroup = 31B12B7E1AA29E4E00C6B2C9;
			productRefGroup = 31B12B881AA29E4E00C6B2C9 /* Products */;
			projectDirPath = "";
			projectRoot = "";
			targets = (
				31B12B861AA29E4E00C6B2C9 /* Prioritize */,
				311A2DD61BA932540078422E /* Prioritize WatchKit 1 Extension */,
				311A2DE51BA932540078422E /* Prioritize WatchKit 1 App */,
			);
		};
/* End PBXProject section */

/* Begin PBXResourcesBuildPhase section */
		311A2DD51BA932540078422E /* Resources */ = {
			isa = PBXResourcesBuildPhase;
			buildActionMask = 2147483647;
			files = (
				311A2DE71BA932540078422E /* Prioritize WatchKit 1 App.app in Resources */,
				311A2DE21BA932540078422E /* Assets.xcassets in Resources */,
			);
			runOnlyForDeploymentPostprocessing = 0;
		};
		311A2DE41BA932540078422E /* Resources */ = {
			isa = PBXResourcesBuildPhase;
			buildActionMask = 2147483647;
			files = (
				311A2E031BA933A70078422E /* Interface.storyboard in Resources */,
				311A2DEF1BA932540078422E /* Assets.xcassets in Resources */,
			);
			runOnlyForDeploymentPostprocessing = 0;
		};
		31B12B851AA29E4E00C6B2C9 /* Resources */ = {
			isa = PBXResourcesBuildPhase;
			buildActionMask = 2147483647;
			files = (
				319AF57D1B790CF400776094 /* Info.plist in Resources */,
				31B12BC91AA29FB000C6B2C9 /* Main.storyboard in Resources */,
				31A5D4CF1ABBD85D008FDFC1 /* upvote.wav in Resources */,
				31812A921ADAE99300D79540 /* Info.plist in Resources */,
				31B12C1D1AA2B2DB00C6B2C9 /* Images.xcassets in Resources */,
				31812A951ADAE99300D79540 /* LoadingView.xib in Resources */,
				31A5D4CE1ABBD85D008FDFC1 /* refresh.wav in Resources */,
				31B12BC81AA29FB000C6B2C9 /* LaunchScreen.xib in Resources */,
			);
			runOnlyForDeploymentPostprocessing = 0;
		};
/* End PBXResourcesBuildPhase section */

/* Begin PBXSourcesBuildPhase section */
		311A2DD31BA932540078422E /* Sources */ = {
			isa = PBXSourcesBuildPhase;
			buildActionMask = 2147483647;
			files = (
				311A2DDE1BA932540078422E /* NotificationController.swift in Sources */,
				311A2DFF1BA9333D0078422E /* ItemsViewModel.swift in Sources */,
				311A2E011BA933900078422E /* ItemRowController.swift in Sources */,
				311A2DDC1BA932540078422E /* InterfaceController.swift in Sources */,
				311A2DE01BA932540078422E /* GlanceController.swift in Sources */,
			);
			runOnlyForDeploymentPostprocessing = 0;
		};
		31B12B831AA29E4E00C6B2C9 /* Sources */ = {
			isa = PBXSourcesBuildPhase;
			buildActionMask = 2147483647;
			files = (
				31A5D4D11ABBD8B7008FDFC1 /* SoundPlayer+DesignerNewsApp.swift in Sources */,
				31812A9C1ADAE99300D79540 /* SpringLabel.swift in Sources */,
				31812A9E1ADAE99300D79540 /* SpringTextView.swift in Sources */,
				31DBC94B1AB28CEF00B1C693 /* TPKeyboardAvoidingCollectionView.m in Sources */,
				31812A911ADAE99300D79540 /* ImageLoader.swift in Sources */,
				31812A9B1ADAE99300D79540 /* SpringImageView.swift in Sources */,
				31812A8F1ADAE99300D79540 /* DesignableTextView.swift in Sources */,
				31812A901ADAE99300D79540 /* DesignableView.swift in Sources */,
				31B12BC11AA29F7500C6B2C9 /* NavigationViewController.swift in Sources */,
				31B12BBF1AA29F7500C6B2C9 /* LoginViewController.swift in Sources */,
				31812AA11ADAE99300D79540 /* TransitionZoom.swift in Sources */,
				313EEE4B1B567560007A3017 /* EditEventTableViewController.swift in Sources */,
				31B12C1B1AA2B0DB00C6B2C9 /* AppDelegate.swift in Sources */,
				31DBC94C1AB28CEF00B1C693 /* TPKeyboardAvoidingScrollView.m in Sources */,
				317E69D51AB7FB3500C40FA9 /* MenuControl.swift in Sources */,
				31812A891ADAE99300D79540 /* BlurView.swift in Sources */,
				31812A981ADAE99300D79540 /* Spring.swift in Sources */,
				31812AA21ADAE99300D79540 /* UnwindSegue.swift in Sources */,
				313EEE4D1B567AC3007A3017 /* AddItemTableViewController.swift in Sources */,
				31812A971ADAE99300D79540 /* SoundPlayer.swift in Sources */,
				31DBC94D1AB28CEF00B1C693 /* TPKeyboardAvoidingTableView.m in Sources */,
				31B12BBD1AA29F7500C6B2C9 /* DetailViewController.swift in Sources */,
				3169A8451ADE410000CBB35B /* LocalStore.swift in Sources */,
				31DBC94E1AB28CEF00B1C693 /* UIScrollView+TPKeyboardAvoidingAdditions.m in Sources */,
				31812A961ADAE99300D79540 /* Misc.swift in Sources */,
				31B12BBA1AA29F7500C6B2C9 /* AboutUsWebViewController.swift in Sources */,
				31812A8A1ADAE99300D79540 /* DesignableButton.swift in Sources */,
				31812A881ADAE99300D79540 /* AutoTextView.swift in Sources */,
				31812A861ADAE99300D79540 /* AsyncButton.swift in Sources */,
				31812A871ADAE99300D79540 /* AsyncImageView.swift in Sources */,
				31812A931ADAE99300D79540 /* KeyboardLayoutConstraint.swift in Sources */,
				31812AA01ADAE99300D79540 /* TransitionManager.swift in Sources */,
				31812A8B1ADAE99300D79540 /* DesignableImageView.swift in Sources */,
				31B12BC31AA29F7500C6B2C9 /* TableViewController.swift in Sources */,
				31C83C0C1B59774F00F9A740 /* CreateAccountTableViewController.swift in Sources */,
				31812A9F1ADAE99300D79540 /* SpringView.swift in Sources */,
				31812A8C1ADAE99300D79540 /* DesignableLabel.swift in Sources */,
				31436AE71B9FE75B0070EC06 /* Loading.swift in Sources */,
				31812A9A1ADAE99300D79540 /* SpringButton.swift in Sources */,
				31812A991ADAE99300D79540 /* SpringAnimation.swift in Sources */,
				3169A84A1ADE449300CBB35B /* DragDropBehavior.swift in Sources */,
				311A2DFE1BA9333D0078422E /* ItemsViewModel.swift in Sources */,
				313EEE491B562EC7007A3017 /* SettingsTableViewController.swift in Sources */,
				31812A9D1ADAE99300D79540 /* SpringTextField.swift in Sources */,
				31812A941ADAE99300D79540 /* LoadingView.swift in Sources */,
				31812A8E1ADAE99300D79540 /* DesignableTextField.swift in Sources */,
			);
			runOnlyForDeploymentPostprocessing = 0;
		};
/* End PBXSourcesBuildPhase section */

/* Begin PBXTargetDependency section */
		311A2DE91BA932540078422E /* PBXTargetDependency */ = {
			isa = PBXTargetDependency;
			target = 311A2DE51BA932540078422E /* Prioritize WatchKit 1 App */;
			targetProxy = 311A2DE81BA932540078422E /* PBXContainerItemProxy */;
		};
		311A2DF21BA932540078422E /* PBXTargetDependency */ = {
			isa = PBXTargetDependency;
			target = 311A2DD61BA932540078422E /* Prioritize WatchKit 1 Extension */;
			targetProxy = 311A2DF11BA932540078422E /* PBXContainerItemProxy */;
		};
/* End PBXTargetDependency section */

/* Begin XCBuildConfiguration section */
		311A2DF51BA932540078422E /* Debug */ = {
			isa = XCBuildConfiguration;
			buildSettings = {
				ASSETCATALOG_COMPILER_APPICON_NAME = AppIcon;
				CODE_SIGN_ENTITLEMENTS = "Prioritize WatchKit 1 App/Prioritize WatchKit 1 App.entitlements";
				CODE_SIGN_IDENTITY = "iPhone Developer";
				"CODE_SIGN_IDENTITY[sdk=iphoneos*]" = "iPhone Developer";
				DEBUG_INFORMATION_FORMAT = dwarf;
				GCC_NO_COMMON_BLOCKS = YES;
				IBSC_MODULE = Prioritize_WatchKit_1_Extension;
				INFOPLIST_FILE = "Prioritize WatchKit 1 App/Info.plist";
				IPHONEOS_DEPLOYMENT_TARGET = 9.0;
				ONLY_ACTIVE_ARCH = YES;
				PRODUCT_BUNDLE_IDENTIFIER = nikhil.prioritize.prioritizeapp.watchkitapp;
				PRODUCT_NAME = "$(TARGET_NAME)";
				PROVISIONING_PROFILE = "";
				SKIP_INSTALL = YES;
				TARGETED_DEVICE_FAMILY = 4;
				"TARGETED_DEVICE_FAMILY[sdk=iphonesimulator*]" = "1,4";
			};
			name = Debug;
		};
		311A2DF61BA932540078422E /* Release */ = {
			isa = XCBuildConfiguration;
			buildSettings = {
				ASSETCATALOG_COMPILER_APPICON_NAME = AppIcon;
				CODE_SIGN_ENTITLEMENTS = "Prioritize WatchKit 1 App/Prioritize WatchKit 1 App.entitlements";
				CODE_SIGN_IDENTITY = "iPhone Developer";
				"CODE_SIGN_IDENTITY[sdk=iphoneos*]" = "iPhone Developer";
				COPY_PHASE_STRIP = NO;
				DEBUG_INFORMATION_FORMAT = "dwarf-with-dsym";
				GCC_NO_COMMON_BLOCKS = YES;
				IBSC_MODULE = Prioritize_WatchKit_1_Extension;
				INFOPLIST_FILE = "Prioritize WatchKit 1 App/Info.plist";
				IPHONEOS_DEPLOYMENT_TARGET = 9.0;
				PRODUCT_BUNDLE_IDENTIFIER = nikhil.prioritize.prioritizeapp.watchkitapp;
				PRODUCT_NAME = "$(TARGET_NAME)";
				PROVISIONING_PROFILE = "";
				SKIP_INSTALL = YES;
				TARGETED_DEVICE_FAMILY = 4;
				"TARGETED_DEVICE_FAMILY[sdk=iphonesimulator*]" = "1,4";
			};
			name = Release;
		};
		311A2DF81BA932540078422E /* Debug */ = {
			isa = XCBuildConfiguration;
			buildSettings = {
				CODE_SIGN_ENTITLEMENTS = "Prioritize WatchKit 1 Extension/Prioritize WatchKit 1 Extension.entitlements";
				CODE_SIGN_IDENTITY = "iPhone Developer";
				"CODE_SIGN_IDENTITY[sdk=iphoneos*]" = "iPhone Developer";
				DEBUG_INFORMATION_FORMAT = dwarf;
				GCC_NO_COMMON_BLOCKS = YES;
				INFOPLIST_FILE = "Prioritize WatchKit 1 Extension/Info.plist";
				IPHONEOS_DEPLOYMENT_TARGET = 9.0;
				LD_RUNPATH_SEARCH_PATHS = "$(inherited) @executable_path/Frameworks @executable_path/../../Frameworks";
				ONLY_ACTIVE_ARCH = YES;
				PRODUCT_BUNDLE_IDENTIFIER = nikhil.prioritize.prioritizeapp.watchkitextension;
				PRODUCT_NAME = "${TARGET_NAME}";
				PROVISIONING_PROFILE = "";
				SKIP_INSTALL = YES;
			};
			name = Debug;
		};
		311A2DF91BA932540078422E /* Release */ = {
			isa = XCBuildConfiguration;
			buildSettings = {
				CODE_SIGN_ENTITLEMENTS = "Prioritize WatchKit 1 Extension/Prioritize WatchKit 1 Extension.entitlements";
				CODE_SIGN_IDENTITY = "iPhone Developer";
				"CODE_SIGN_IDENTITY[sdk=iphoneos*]" = "iPhone Developer";
				COPY_PHASE_STRIP = NO;
				DEBUG_INFORMATION_FORMAT = "dwarf-with-dsym";
				GCC_NO_COMMON_BLOCKS = YES;
				INFOPLIST_FILE = "Prioritize WatchKit 1 Extension/Info.plist";
				IPHONEOS_DEPLOYMENT_TARGET = 9.0;
				LD_RUNPATH_SEARCH_PATHS = "$(inherited) @executable_path/Frameworks @executable_path/../../Frameworks";
				PRODUCT_BUNDLE_IDENTIFIER = nikhil.prioritize.prioritizeapp.watchkitextension;
				PRODUCT_NAME = "${TARGET_NAME}";
				PROVISIONING_PROFILE = "";
				SKIP_INSTALL = YES;
			};
			name = Release;
		};
		31B12BA41AA29E4E00C6B2C9 /* Debug */ = {
			isa = XCBuildConfiguration;
			buildSettings = {
				ALWAYS_SEARCH_USER_PATHS = NO;
				CLANG_CXX_LANGUAGE_STANDARD = "gnu++0x";
				CLANG_CXX_LIBRARY = "libc++";
				CLANG_ENABLE_MODULES = YES;
				CLANG_ENABLE_OBJC_ARC = YES;
				CLANG_WARN_BOOL_CONVERSION = YES;
				CLANG_WARN_CONSTANT_CONVERSION = YES;
				CLANG_WARN_DIRECT_OBJC_ISA_USAGE = YES_ERROR;
				CLANG_WARN_EMPTY_BODY = YES;
				CLANG_WARN_ENUM_CONVERSION = YES;
				CLANG_WARN_INT_CONVERSION = YES;
				CLANG_WARN_OBJC_ROOT_CLASS = YES_ERROR;
				CLANG_WARN_UNREACHABLE_CODE = YES;
				CLANG_WARN__DUPLICATE_METHOD_MATCH = YES;
				CODE_SIGN_IDENTITY = "iPhone Developer: Asha D'Souza (7T9URG9WF3)";
				"CODE_SIGN_IDENTITY[sdk=iphoneos*]" = "iPhone Developer: Asha D'Souza (7T9URG9WF3)";
				COPY_PHASE_STRIP = NO;
				ENABLE_STRICT_OBJC_MSGSEND = YES;
				ENABLE_TESTABILITY = YES;
				GCC_C_LANGUAGE_STANDARD = gnu99;
				GCC_DYNAMIC_NO_PIC = NO;
				GCC_OPTIMIZATION_LEVEL = 0;
				GCC_PREPROCESSOR_DEFINITIONS = (
					"DEBUG=1",
					"$(inherited)",
				);
				GCC_SYMBOLS_PRIVATE_EXTERN = NO;
				GCC_WARN_64_TO_32_BIT_CONVERSION = YES;
				GCC_WARN_ABOUT_RETURN_TYPE = YES_ERROR;
				GCC_WARN_UNDECLARED_SELECTOR = YES;
				GCC_WARN_UNINITIALIZED_AUTOS = YES_AGGRESSIVE;
				GCC_WARN_UNUSED_FUNCTION = YES;
				GCC_WARN_UNUSED_VARIABLE = YES;
				IPHONEOS_DEPLOYMENT_TARGET = 8.0;
				MTL_ENABLE_DEBUG_INFO = YES;
				ONLY_ACTIVE_ARCH = NO;
				SDKROOT = iphoneos;
				SWIFT_OPTIMIZATION_LEVEL = "-Onone";
			};
			name = Debug;
		};
		31B12BA51AA29E4E00C6B2C9 /* Release */ = {
			isa = XCBuildConfiguration;
			buildSettings = {
				ALWAYS_SEARCH_USER_PATHS = NO;
				CLANG_CXX_LANGUAGE_STANDARD = "gnu++0x";
				CLANG_CXX_LIBRARY = "libc++";
				CLANG_ENABLE_MODULES = YES;
				CLANG_ENABLE_OBJC_ARC = YES;
				CLANG_WARN_BOOL_CONVERSION = YES;
				CLANG_WARN_CONSTANT_CONVERSION = YES;
				CLANG_WARN_DIRECT_OBJC_ISA_USAGE = YES_ERROR;
				CLANG_WARN_EMPTY_BODY = YES;
				CLANG_WARN_ENUM_CONVERSION = YES;
				CLANG_WARN_INT_CONVERSION = YES;
				CLANG_WARN_OBJC_ROOT_CLASS = YES_ERROR;
				CLANG_WARN_UNREACHABLE_CODE = YES;
				CLANG_WARN__DUPLICATE_METHOD_MATCH = YES;
				CODE_SIGN_IDENTITY = "iPhone Developer: Asha D'Souza (7T9URG9WF3)";
				"CODE_SIGN_IDENTITY[sdk=iphoneos*]" = "iPhone Developer: Asha D'Souza (7T9URG9WF3)";
				COPY_PHASE_STRIP = YES;
				ENABLE_NS_ASSERTIONS = NO;
				ENABLE_STRICT_OBJC_MSGSEND = YES;
				GCC_C_LANGUAGE_STANDARD = gnu99;
				GCC_WARN_64_TO_32_BIT_CONVERSION = YES;
				GCC_WARN_ABOUT_RETURN_TYPE = YES_ERROR;
				GCC_WARN_UNDECLARED_SELECTOR = YES;
				GCC_WARN_UNINITIALIZED_AUTOS = YES_AGGRESSIVE;
				GCC_WARN_UNUSED_FUNCTION = YES;
				GCC_WARN_UNUSED_VARIABLE = YES;
				IPHONEOS_DEPLOYMENT_TARGET = 8.0;
				MTL_ENABLE_DEBUG_INFO = NO;
				SDKROOT = iphoneos;
				VALIDATE_PRODUCT = YES;
			};
			name = Release;
		};
		31B12BA71AA29E4E00C6B2C9 /* Debug */ = {
			isa = XCBuildConfiguration;
			buildSettings = {
				ASSETCATALOG_COMPILER_APPICON_NAME = AppIcon;
				CLANG_ENABLE_MODULES = YES;
				CODE_SIGN_ENTITLEMENTS = Prioritize.entitlements;
				CODE_SIGN_IDENTITY = "iPhone Developer";
				"CODE_SIGN_IDENTITY[sdk=iphoneos*]" = "iPhone Developer";
				EMBEDDED_CONTENT_CONTAINS_SWIFT = YES;
				ENABLE_BITCODE = NO;
				FRAMEWORK_SEARCH_PATHS = (
					"$(inherited)",
					"$(PROJECT_DIR)/ThirdPartyFrameworks",
				);
				HEADER_SEARCH_PATHS = "";
				INFOPLIST_FILE = PrioritizeApp/Info.plist;
				IPHONEOS_DEPLOYMENT_TARGET = 8.0;
				LD_RUNPATH_SEARCH_PATHS = "$(inherited) @executable_path/Frameworks";
				PRODUCT_BUNDLE_IDENTIFIER = nikhil.prioritize.prioritizeapp;
				PRODUCT_NAME = Prioritize;
				PROVISIONING_PROFILE = "";
				SWIFT_OBJC_BRIDGING_HEADER = "PrioritizeApp/PrioritizeApp-Bridging-Header.h";
				SWIFT_OPTIMIZATION_LEVEL = "-Onone";
				TARGETED_DEVICE_FAMILY = "1,2";
				USER_HEADER_SEARCH_PATHS = "";
			};
			name = Debug;
		};
		31B12BA81AA29E4E00C6B2C9 /* Release */ = {
			isa = XCBuildConfiguration;
			buildSettings = {
				ASSETCATALOG_COMPILER_APPICON_NAME = AppIcon;
				CLANG_ENABLE_MODULES = YES;
				CODE_SIGN_ENTITLEMENTS = Prioritize.entitlements;
				CODE_SIGN_IDENTITY = "iPhone Developer";
				"CODE_SIGN_IDENTITY[sdk=iphoneos*]" = "iPhone Developer";
				EMBEDDED_CONTENT_CONTAINS_SWIFT = YES;
				ENABLE_BITCODE = NO;
				FRAMEWORK_SEARCH_PATHS = (
					"$(inherited)",
					"$(PROJECT_DIR)/ThirdPartyFrameworks",
				);
				HEADER_SEARCH_PATHS = "";
				INFOPLIST_FILE = PrioritizeApp/Info.plist;
				IPHONEOS_DEPLOYMENT_TARGET = 8.0;
				LD_RUNPATH_SEARCH_PATHS = "$(inherited) @executable_path/Frameworks";
				PRODUCT_BUNDLE_IDENTIFIER = nikhil.prioritize.prioritizeapp;
				PRODUCT_NAME = Prioritize;
				PROVISIONING_PROFILE = "";
				SWIFT_OBJC_BRIDGING_HEADER = "PrioritizeApp/PrioritizeApp-Bridging-Header.h";
				TARGETED_DEVICE_FAMILY = "1,2";
				USER_HEADER_SEARCH_PATHS = "";
			};
			name = Release;
		};
/* End XCBuildConfiguration section */

/* Begin XCConfigurationList section */
		311A2DF41BA932540078422E /* Build configuration list for PBXNativeTarget "Prioritize WatchKit 1 App" */ = {
			isa = XCConfigurationList;
			buildConfigurations = (
				311A2DF51BA932540078422E /* Debug */,
				311A2DF61BA932540078422E /* Release */,
			);
			defaultConfigurationIsVisible = 0;
		};
		311A2DF71BA932540078422E /* Build configuration list for PBXNativeTarget "Prioritize WatchKit 1 Extension" */ = {
			isa = XCConfigurationList;
			buildConfigurations = (
				311A2DF81BA932540078422E /* Debug */,
				311A2DF91BA932540078422E /* Release */,
			);
			defaultConfigurationIsVisible = 0;
		};
		31B12B821AA29E4E00C6B2C9 /* Build configuration list for PBXProject "Prioritize" */ = {
			isa = XCConfigurationList;
			buildConfigurations = (
				31B12BA41AA29E4E00C6B2C9 /* Debug */,
				31B12BA51AA29E4E00C6B2C9 /* Release */,
			);
			defaultConfigurationIsVisible = 0;
			defaultConfigurationName = Release;
		};
		31B12BA61AA29E4E00C6B2C9 /* Build configuration list for PBXNativeTarget "Prioritize" */ = {
			isa = XCConfigurationList;
			buildConfigurations = (
				31B12BA71AA29E4E00C6B2C9 /* Debug */,
				31B12BA81AA29E4E00C6B2C9 /* Release */,
			);
			defaultConfigurationIsVisible = 0;
			defaultConfigurationName = Release;
		};
/* End XCConfigurationList section */
	};
	rootObject = 31B12B7F1AA29E4E00C6B2C9 /* Project object */;
}
